// !$*UTF8*$!
{
	archiveVersion = 1;
	classes = {
	};
	objectVersion = 56;
	objects = {

/* Begin PBXBuildFile section */
		DeskEmojiRobotApp.swift in Sources = {isa = PBXBuildFile; };
		ContentView.swift in Sources = {isa = PBXBuildFile; };
		EmojiVersionView.swift in Sources = {isa = PBXBuildFile; };
		RobotFaceVersionView.swift in Sources = {isa = PBXBuildFile; };
		Models.swift in Sources = {isa = PBXBuildFile; };
		Assets.xcassets in Resources = {isa = PBXBuildFile; };
/* End PBXBuildFile section */

/* Begin PBXFileReference section */
		DeskEmojiRobot.app = {isa = PBXFileReference; explicitFileType = wrapper.application; includeInIndex = 0; path = DeskEmojiRobot.app; sourceTree = BUILT_PRODUCTS_DIR; };
		DeskEmojiRobotWatch.app = {isa = PBXFileReference; explicitFileType = wrapper.application; includeInIndex = 0; path = DeskEmojiRobotWatch.app; sourceTree = BUILT_PRODUCTS_DIR; };
/* End PBXFileReference section */

	};
	rootObject = Project /* Project object */;
}
